
Microsoft Visual Studio Solution File, Format Version 12.00
# Visual Studio Version 17
VisualStudioVersion = 17.0.32126.317
MinimumVisualStudioVersion = 10.0.40219.1
Project("{FAE04EC0-301F-11D3-BF4B-00C04F79EFBC}") = "terrariaPlayerEditor", "terrariaPlayerEditor.csproj", "{AEA10685-87C1-429F-915C-75458930CF56}"
EndProject
Global
	GlobalSection(SolutionConfigurationPlatforms) = preSolution
		Debug|Any CPU = Debug|Any CPU
		Release|Any CPU = Release|Any CPU
	EndGlobalSection
	GlobalSection(ProjectConfigurationPlatforms) = postSolution
		{AEA10685-87C1-429F-915C-75458930CF56}.Debug|Any CPU.ActiveCfg = Debug|Any CPU
		{AEA10685-87C1-429F-915C-75458930CF56}.Debug|Any CPU.Build.0 = Debug|Any CPU
		{AEA10685-87C1-429F-915C-75458930CF56}.Release|Any CPU.ActiveCfg = Release|Any CPU
		{AEA10685-87C1-429F-915C-75458930CF56}.Release|Any CPU.Build.0 = Release|Any CPU
	EndGlobalSection
	GlobalSection(SolutionProperties) = preSolution
		HideSolutionNode = FALSE
	EndGlobalSection
	GlobalSection(ExtensibilityGlobals) = postSolution
		SolutionGuid = {165F29A9-7592-4C3C-9AD4-86D723603A0D}
	EndGlobalSection
EndGlobal
